# This file is automatically @generated by Poetry 1.8.4 and should not be changed by hand.

[[package]]
name = "certifi"
version = "2025.4.26"
description = "Python package for providing Mozilla's CA Bundle."
optional = false
python-versions = ">=3.6"
files = [
    {file = "certifi-2025.4.26-py3-none-any.whl", hash = "sha256:30350364dfe371162649852c63336a15c70c6510c2ad5015b21c2345311805f3"},
    {file = "certifi-2025.4.26.tar.gz", hash = "sha256:0a816057ea3cdefcef70270d2c515e4506bbc954f417fa5ade2021213bb8f0c6"},
]

[[package]]
name = "charset-normalizer"
version = "3.4.2"
description = "The Real First Universal Charset Detector. Open, modern and actively maintained alternative to Chardet."
optional = false
python-versions = ">=3.7"
files = [
    {file = "charset_normalizer-3.4.2-cp310-cp310-macosx_10_9_universal2.whl", hash = "sha256:7c48ed483eb946e6c04ccbe02c6b4d1d48e51944b6db70f697e089c193404941"},
    {file = "charset_normalizer-3.4.2-cp310-cp310-manylinux_2_17_aarch64.manylinux2014_aarch64.whl", hash = "sha256:b2d318c11350e10662026ad0eb71bb51c7812fc8590825304ae0bdd4ac283acd"},
    {file = "charset_normalizer-3.4.2-cp310-cp310-manylinux_2_17_ppc64le.manylinux2014_ppc64le.whl", hash = "sha256:9cbfacf36cb0ec2897ce0ebc5d08ca44213af24265bd56eca54bee7923c48fd6"},
    {file = "charset_normalizer-3.4.2-cp310-cp310-manylinux_2_17_s390x.manylinux2014_s390x.whl", hash = "sha256:18dd2e350387c87dabe711b86f83c9c78af772c748904d372ade190b5c7c9d4d"},
    {file = "charset_normalizer-3.4.2-cp310-cp310-manylinux_2_17_x86_64.manylinux2014_x86_64.whl", hash = "sha256:8075c35cd58273fee266c58c0c9b670947c19df5fb98e7b66710e04ad4e9ff86"},
    {file = "charset_normalizer-3.4.2-cp310-cp310-manylinux_2_5_i686.manylinux1_i686.manylinux_2_17_i686.manylinux2014_i686.whl", hash = "sha256:5bf4545e3b962767e5c06fe1738f951f77d27967cb2caa64c28be7c4563e162c"},
    {file = "charset_normalizer-3.4.2-cp310-cp310-musllinux_1_2_aarch64.whl", hash = "sha256:7a6ab32f7210554a96cd9e33abe3ddd86732beeafc7a28e9955cdf22ffadbab0"},
    {file = "charset_normalizer-3.4.2-cp310-cp310-musllinux_1_2_i686.whl", hash = "sha256:b33de11b92e9f75a2b545d6e9b6f37e398d86c3e9e9653c4864eb7e89c5773ef"},
    {file = "charset_normalizer-3.4.2-cp310-cp310-musllinux_1_2_ppc64le.whl", hash = "sha256:8755483f3c00d6c9a77f490c17e6ab0c8729e39e6390328e42521ef175380ae6"},
    {file = "charset_normalizer-3.4.2-cp310-cp310-musllinux_1_2_s390x.whl", hash = "sha256:68a328e5f55ec37c57f19ebb1fdc56a248db2e3e9ad769919a58672958e8f366"},
    {file = "charset_normalizer-3.4.2-cp310-cp310-musllinux_1_2_x86_64.whl", hash = "sha256:21b2899062867b0e1fde9b724f8aecb1af14f2778d69aacd1a5a1853a597a5db"},
    {file = "charset_normalizer-3.4.2-cp310-cp310-win32.whl", hash = "sha256:e8082b26888e2f8b36a042a58307d5b917ef2b1cacab921ad3323ef91901c71a"},
    {file = "charset_normalizer-3.4.2-cp310-cp310-win_amd64.whl", hash = "sha256:f69a27e45c43520f5487f27627059b64aaf160415589230992cec34c5e18a509"},
    {file = "charset_normalizer-3.4.2-cp311-cp311-macosx_10_9_universal2.whl", hash = "sha256:be1e352acbe3c78727a16a455126d9ff83ea2dfdcbc83148d2982305a04714c2"},
    {file = "charset_normalizer-3.4.2-cp311-cp311-manylinux_2_17_aarch64.manylinux2014_aarch64.whl", hash = "sha256:aa88ca0b1932e93f2d961bf3addbb2db902198dca337d88c89e1559e066e7645"},
    {file = "charset_normalizer-3.4.2-cp311-cp311-manylinux_2_17_ppc64le.manylinux2014_ppc64le.whl", hash = "sha256:d524ba3f1581b35c03cb42beebab4a13e6cdad7b36246bd22541fa585a56cccd"},
    {file = "charset_normalizer-3.4.2-cp311-cp311-manylinux_2_17_s390x.manylinux2014_s390x.whl", hash = "sha256:28a1005facc94196e1fb3e82a3d442a9d9110b8434fc1ded7a24a2983c9888d8"},
    {file = "charset_normalizer-3.4.2-cp311-cp311-manylinux_2_17_x86_64.manylinux2014_x86_64.whl", hash = "sha256:fdb20a30fe1175ecabed17cbf7812f7b804b8a315a25f24678bcdf120a90077f"},
    {file = "charset_normalizer-3.4.2-cp311-cp311-manylinux_2_5_i686.manylinux1_i686.manylinux_2_17_i686.manylinux2014_i686.whl", hash = "sha256:0f5d9ed7f254402c9e7d35d2f5972c9bbea9040e99cd2861bd77dc68263277c7"},
    {file = "charset_normalizer-3.4.2-cp311-cp311-musllinux_1_2_aarch64.whl", hash = "sha256:efd387a49825780ff861998cd959767800d54f8308936b21025326de4b5a42b9"},
    {file = "charset_normalizer-3.4.2-cp311-cp311-musllinux_1_2_i686.whl", hash = "sha256:f0aa37f3c979cf2546b73e8222bbfa3dc07a641585340179d768068e3455e544"},
    {file = "charset_normalizer-3.4.2-cp311-cp311-musllinux_1_2_ppc64le.whl", hash = "sha256:e70e990b2137b29dc5564715de1e12701815dacc1d056308e2b17e9095372a82"},
    {file = "charset_normalizer-3.4.2-cp311-cp311-musllinux_1_2_s390x.whl", hash = "sha256:0c8c57f84ccfc871a48a47321cfa49ae1df56cd1d965a09abe84066f6853b9c0"},
    {file = "charset_normalizer-3.4.2-cp311-cp311-musllinux_1_2_x86_64.whl", hash = "sha256:6b66f92b17849b85cad91259efc341dce9c1af48e2173bf38a85c6329f1033e5"},
    {file = "charset_normalizer-3.4.2-cp311-cp311-win32.whl", hash = "sha256:daac4765328a919a805fa5e2720f3e94767abd632ae410a9062dff5412bae65a"},
    {file = "charset_normalizer-3.4.2-cp311-cp311-win_amd64.whl", hash = "sha256:e53efc7c7cee4c1e70661e2e112ca46a575f90ed9ae3fef200f2a25e954f4b28"},
    {file = "charset_normalizer-3.4.2-cp312-cp312-macosx_10_13_universal2.whl", hash = "sha256:0c29de6a1a95f24b9a1aa7aefd27d2487263f00dfd55a77719b530788f75cff7"},
    {file = "charset_normalizer-3.4.2-cp312-cp312-manylinux_2_17_aarch64.manylinux2014_aarch64.whl", hash = "sha256:cddf7bd982eaa998934a91f69d182aec997c6c468898efe6679af88283b498d3"},
    {file = "charset_normalizer-3.4.2-cp312-cp312-manylinux_2_17_ppc64le.manylinux2014_ppc64le.whl", hash = "sha256:fcbe676a55d7445b22c10967bceaaf0ee69407fbe0ece4d032b6eb8d4565982a"},
    {file = "charset_normalizer-3.4.2-cp312-cp312-manylinux_2_17_s390x.manylinux2014_s390x.whl", hash = "sha256:d41c4d287cfc69060fa91cae9683eacffad989f1a10811995fa309df656ec214"},
    {file = "charset_normalizer-3.4.2-cp312-cp312-manylinux_2_17_x86_64.manylinux2014_x86_64.whl", hash = "sha256:4e594135de17ab3866138f496755f302b72157d115086d100c3f19370839dd3a"},
    {file = "charset_normalizer-3.4.2-cp312-cp312-manylinux_2_5_i686.manylinux1_i686.manylinux_2_17_i686.manylinux2014_i686.whl", hash = "sha256:cf713fe9a71ef6fd5adf7a79670135081cd4431c2943864757f0fa3a65b1fafd"},
    {file = "charset_normalizer-3.4.2-cp312-cp312-musllinux_1_2_aarch64.whl", hash = "sha256:a370b3e078e418187da8c3674eddb9d983ec09445c99a3a263c2011993522981"},
    {file = "charset_normalizer-3.4.2-cp312-cp312-musllinux_1_2_i686.whl", hash = "sha256:a955b438e62efdf7e0b7b52a64dc5c3396e2634baa62471768a64bc2adb73d5c"},
    {file = "charset_normalizer-3.4.2-cp312-cp312-musllinux_1_2_ppc64le.whl", hash = "sha256:7222ffd5e4de8e57e03ce2cef95a4c43c98fcb72ad86909abdfc2c17d227fc1b"},
    {file = "charset_normalizer-3.4.2-cp312-cp312-musllinux_1_2_s390x.whl", hash = "sha256:bee093bf902e1d8fc0ac143c88902c3dfc8941f7ea1d6a8dd2bcb786d33db03d"},
    {file = "charset_normalizer-3.4.2-cp312-cp312-musllinux_1_2_x86_64.whl", hash = "sha256:dedb8adb91d11846ee08bec4c8236c8549ac721c245678282dcb06b221aab59f"},
    {file = "charset_normalizer-3.4.2-cp312-cp312-win32.whl", hash = "sha256:db4c7bf0e07fc3b7d89ac2a5880a6a8062056801b83ff56d8464b70f65482b6c"},
    {file = "charset_normalizer-3.4.2-cp312-cp312-win_amd64.whl", hash = "sha256:5a9979887252a82fefd3d3ed2a8e3b937a7a809f65dcb1e068b090e165bbe99e"},
    {file = "charset_normalizer-3.4.2-cp313-cp313-macosx_10_13_universal2.whl", hash = "sha256:926ca93accd5d36ccdabd803392ddc3e03e6d4cd1cf17deff3b989ab8e9dbcf0"},
    {file = "charset_normalizer-3.4.2-cp313-cp313-manylinux_2_17_aarch64.manylinux2014_aarch64.whl", hash = "sha256:eba9904b0f38a143592d9fc0e19e2df0fa2e41c3c3745554761c5f6447eedabf"},
    {file = "charset_normalizer-3.4.2-cp313-cp313-manylinux_2_17_ppc64le.manylinux2014_ppc64le.whl", hash = "sha256:3fddb7e2c84ac87ac3a947cb4e66d143ca5863ef48e4a5ecb83bd48619e4634e"},
    {file = "charset_normalizer-3.4.2-cp313-cp313-manylinux_2_17_s390x.manylinux2014_s390x.whl", hash = "sha256:98f862da73774290f251b9df8d11161b6cf25b599a66baf087c1ffe340e9bfd1"},
    {file = "charset_normalizer-3.4.2-cp313-cp313-manylinux_2_17_x86_64.manylinux2014_x86_64.whl", hash = "sha256:6c9379d65defcab82d07b2a9dfbfc2e95bc8fe0ebb1b176a3190230a3ef0e07c"},
    {file = "charset_normalizer-3.4.2-cp313-cp313-manylinux_2_5_i686.manylinux1_i686.manylinux_2_17_i686.manylinux2014_i686.whl", hash = "sha256:e635b87f01ebc977342e2697d05b56632f5f879a4f15955dfe8cef2448b51691"},
    {file = "charset_normalizer-3.4.2-cp313-cp313-musllinux_1_2_aarch64.whl", hash = "sha256:1c95a1e2902a8b722868587c0e1184ad5c55631de5afc0eb96bc4b0d738092c0"},
    {file = "charset_normalizer-3.4.2-cp313-cp313-musllinux_1_2_i686.whl", hash = "sha256:ef8de666d6179b009dce7bcb2ad4c4a779f113f12caf8dc77f0162c29d20490b"},
    {file = "charset_normalizer-3.4.2-cp313-cp313-musllinux_1_2_ppc64le.whl", hash = "sha256:32fc0341d72e0f73f80acb0a2c94216bd704f4f0bce10aedea38f30502b271ff"},
    {file = "charset_normalizer-3.4.2-cp313-cp313-musllinux_1_2_s390x.whl", hash = "sha256:289200a18fa698949d2b39c671c2cc7a24d44096784e76614899a7ccf2574b7b"},
    {file = "charset_normalizer-3.4.2-cp313-cp313-musllinux_1_2_x86_64.whl", hash = "sha256:4a476b06fbcf359ad25d34a057b7219281286ae2477cc5ff5e3f70a246971148"},
    {file = "charset_normalizer-3.4.2-cp313-cp313-win32.whl", hash = "sha256:aaeeb6a479c7667fbe1099af9617c83aaca22182d6cf8c53966491a0f1b7ffb7"},
    {file = "charset_normalizer-3.4.2-cp313-cp313-win_amd64.whl", hash = "sha256:aa6af9e7d59f9c12b33ae4e9450619cf2488e2bbe9b44030905877f0b2324980"},
    {file = "charset_normalizer-3.4.2-cp37-cp37m-manylinux_2_17_aarch64.manylinux2014_aarch64.whl", hash = "sha256:1cad5f45b3146325bb38d6855642f6fd609c3f7cad4dbaf75549bf3b904d3184"},
    {file = "charset_normalizer-3.4.2-cp37-cp37m-manylinux_2_17_ppc64le.manylinux2014_ppc64le.whl", hash = "sha256:b2680962a4848b3c4f155dc2ee64505a9c57186d0d56b43123b17ca3de18f0fa"},
    {file = "charset_normalizer-3.4.2-cp37-cp37m-manylinux_2_17_s390x.manylinux2014_s390x.whl", hash = "sha256:36b31da18b8890a76ec181c3cf44326bf2c48e36d393ca1b72b3f484113ea344"},
    {file = "charset_normalizer-3.4.2-cp37-cp37m-manylinux_2_17_x86_64.manylinux2014_x86_64.whl", hash = "sha256:f4074c5a429281bf056ddd4c5d3b740ebca4d43ffffe2ef4bf4d2d05114299da"},
    {file = "charset_normalizer-3.4.2-cp37-cp37m-manylinux_2_5_i686.manylinux1_i686.manylinux_2_17_i686.manylinux2014_i686.whl", hash = "sha256:c9e36a97bee9b86ef9a1cf7bb96747eb7a15c2f22bdb5b516434b00f2a599f02"},
    {file = "charset_normalizer-3.4.2-cp37-cp37m-musllinux_1_2_aarch64.whl", hash = "sha256:1b1bde144d98e446b056ef98e59c256e9294f6b74d7af6846bf5ffdafd687a7d"},
    {file = "charset_normalizer-3.4.2-cp37-cp37m-musllinux_1_2_i686.whl", hash = "sha256:915f3849a011c1f593ab99092f3cecfcb4d65d8feb4a64cf1bf2d22074dc0ec4"},
    {file = "charset_normalizer-3.4.2-cp37-cp37m-musllinux_1_2_ppc64le.whl", hash = "sha256:fb707f3e15060adf5b7ada797624a6c6e0138e2a26baa089df64c68ee98e040f"},
    {file = "charset_normalizer-3.4.2-cp37-cp37m-musllinux_1_2_s390x.whl", hash = "sha256:25a23ea5c7edc53e0f29bae2c44fcb5a1aa10591aae107f2a2b2583a9c5cbc64"},
    {file = "charset_normalizer-3.4.2-cp37-cp37m-musllinux_1_2_x86_64.whl", hash = "sha256:770cab594ecf99ae64c236bc9ee3439c3f46be49796e265ce0cc8bc17b10294f"},
    {file = "charset_normalizer-3.4.2-cp37-cp37m-win32.whl", hash = "sha256:6a0289e4589e8bdfef02a80478f1dfcb14f0ab696b5a00e1f4b8a14a307a3c58"},
    {file = "charset_normalizer-3.4.2-cp37-cp37m-win_amd64.whl", hash = "sha256:6fc1f5b51fa4cecaa18f2bd7a003f3dd039dd615cd69a2afd6d3b19aed6775f2"},
    {file = "charset_normalizer-3.4.2-cp38-cp38-macosx_10_9_universal2.whl", hash = "sha256:76af085e67e56c8816c3ccf256ebd136def2ed9654525348cfa744b6802b69eb"},
    {file = "charset_normalizer-3.4.2-cp38-cp38-manylinux_2_17_aarch64.manylinux2014_aarch64.whl", hash = "sha256:e45ba65510e2647721e35323d6ef54c7974959f6081b58d4ef5d87c60c84919a"},
    {file = "charset_normalizer-3.4.2-cp38-cp38-manylinux_2_17_ppc64le.manylinux2014_ppc64le.whl", hash = "sha256:046595208aae0120559a67693ecc65dd75d46f7bf687f159127046628178dc45"},
    {file = "charset_normalizer-3.4.2-cp38-cp38-manylinux_2_17_s390x.manylinux2014_s390x.whl", hash = "sha256:75d10d37a47afee94919c4fab4c22b9bc2a8bf7d4f46f87363bcf0573f3ff4f5"},
    {file = "charset_normalizer-3.4.2-cp38-cp38-manylinux_2_17_x86_64.manylinux2014_x86_64.whl", hash = "sha256:6333b3aa5a12c26b2a4d4e7335a28f1475e0e5e17d69d55141ee3cab736f66d1"},
    {file = "charset_normalizer-3.4.2-cp38-cp38-manylinux_2_5_i686.manylinux1_i686.manylinux_2_17_i686.manylinux2014_i686.whl", hash = "sha256:e8323a9b031aa0393768b87f04b4164a40037fb2a3c11ac06a03ffecd3618027"},
    {file = "charset_normalizer-3.4.2-cp38-cp38-musllinux_1_2_aarch64.whl", hash = "sha256:24498ba8ed6c2e0b56d4acbf83f2d989720a93b41d712ebd4f4979660db4417b"},
    {file = "charset_normalizer-3.4.2-cp38-cp38-musllinux_1_2_i686.whl", hash = "sha256:844da2b5728b5ce0e32d863af26f32b5ce61bc4273a9c720a9f3aa9df73b1455"},
    {file = "charset_normalizer-3.4.2-cp38-cp38-musllinux_1_2_ppc64le.whl", hash = "sha256:65c981bdbd3f57670af8b59777cbfae75364b483fa8a9f420f08094531d54a01"},
    {file = "charset_normalizer-3.4.2-cp38-cp38-musllinux_1_2_s390x.whl", hash = "sha256:3c21d4fca343c805a52c0c78edc01e3477f6dd1ad7c47653241cf2a206d4fc58"},
    {file = "charset_normalizer-3.4.2-cp38-cp38-musllinux_1_2_x86_64.whl", hash = "sha256:dc7039885fa1baf9be153a0626e337aa7ec8bf96b0128605fb0d77788ddc1681"},
    {file = "charset_normalizer-3.4.2-cp38-cp38-win32.whl", hash = "sha256:8272b73e1c5603666618805fe821edba66892e2870058c94c53147602eab29c7"},
    {file = "charset_normalizer-3.4.2-cp38-cp38-win_amd64.whl", hash = "sha256:70f7172939fdf8790425ba31915bfbe8335030f05b9913d7ae00a87d4395620a"},
    {file = "charset_normalizer-3.4.2-cp39-cp39-macosx_10_9_universal2.whl", hash = "sha256:005fa3432484527f9732ebd315da8da8001593e2cf46a3d817669f062c3d9ed4"},
    {file = "charset_normalizer-3.4.2-cp39-cp39-manylinux_2_17_aarch64.manylinux2014_aarch64.whl", hash = "sha256:e92fca20c46e9f5e1bb485887d074918b13543b1c2a1185e69bb8d17ab6236a7"},
    {file = "charset_normalizer-3.4.2-cp39-cp39-manylinux_2_17_ppc64le.manylinux2014_ppc64le.whl", hash = "sha256:50bf98d5e563b83cc29471fa114366e6806bc06bc7a25fd59641e41445327836"},
    {file = "charset_normalizer-3.4.2-cp39-cp39-manylinux_2_17_s390x.manylinux2014_s390x.whl", hash = "sha256:721c76e84fe669be19c5791da68232ca2e05ba5185575086e384352e2c309597"},
    {file = "charset_normalizer-3.4.2-cp39-cp39-manylinux_2_17_x86_64.manylinux2014_x86_64.whl", hash = "sha256:82d8fd25b7f4675d0c47cf95b594d4e7b158aca33b76aa63d07186e13c0e0ab7"},
    {file = "charset_normalizer-3.4.2-cp39-cp39-manylinux_2_5_i686.manylinux1_i686.manylinux_2_17_i686.manylinux2014_i686.whl", hash = "sha256:b3daeac64d5b371dea99714f08ffc2c208522ec6b06fbc7866a450dd446f5c0f"},
    {file = "charset_normalizer-3.4.2-cp39-cp39-musllinux_1_2_aarch64.whl", hash = "sha256:dccab8d5fa1ef9bfba0590ecf4d46df048d18ffe3eec01eeb73a42e0d9e7a8ba"},
    {file = "charset_normalizer-3.4.2-cp39-cp39-musllinux_1_2_i686.whl", hash = "sha256:aaf27faa992bfee0264dc1f03f4c75e9fcdda66a519db6b957a3f826e285cf12"},
    {file = "charset_normalizer-3.4.2-cp39-cp39-musllinux_1_2_ppc64le.whl", hash = "sha256:eb30abc20df9ab0814b5a2524f23d75dcf83cde762c161917a2b4b7b55b1e518"},
    {file = "charset_normalizer-3.4.2-cp39-cp39-musllinux_1_2_s390x.whl", hash = "sha256:c72fbbe68c6f32f251bdc08b8611c7b3060612236e960ef848e0a517ddbe76c5"},
    {file = "charset_normalizer-3.4.2-cp39-cp39-musllinux_1_2_x86_64.whl", hash = "sha256:982bb1e8b4ffda883b3d0a521e23abcd6fd17418f6d2c4118d257a10199c0ce3"},
    {file = "charset_normalizer-3.4.2-cp39-cp39-win32.whl", hash = "sha256:43e0933a0eff183ee85833f341ec567c0980dae57c464d8a508e1b2ceb336471"},
    {file = "charset_normalizer-3.4.2-cp39-cp39-win_amd64.whl", hash = "sha256:d11b54acf878eef558599658b0ffca78138c8c3655cf4f3a4a673c437e67732e"},
    {file = "charset_normalizer-3.4.2-py3-none-any.whl", hash = "sha256:7f56930ab0abd1c45cd15be65cc741c28b1c9a34876ce8c17a2fa107810c0af0"},
    {file = "charset_normalizer-3.4.2.tar.gz", hash = "sha256:5baececa9ecba31eff645232d59845c07aa030f0c81ee70184a90d35099a0e63"},
]

[[package]]
name = "idna"
version = "3.10"
description = "Internationalized Domain Names in Applications (IDNA)"
optional = false
python-versions = ">=3.6"
files = [
    {file = "idna-3.10-py3-none-any.whl", hash = "sha256:946d195a0d259cbba61165e88e65941f16e9b36ea6ddb97f00452bae8b1287d3"},
    {file = "idna-3.10.tar.gz", hash = "sha256:12f65c9b470abda6dc35cf8e63cc574b1c52b11df2c86030af0ac09b01b13ea9"},
]

[package.extras]
all = ["flake8 (>=7.1.1)", "mypy (>=1.11.2)", "pytest (>=8.3.2)", "ruff (>=0.6.2)"]

[[package]]
name = "pip"
version = "25.1.1"
description = "The PyPA recommended tool for installing Python packages."
optional = false
python-versions = ">=3.9"
files = [
    {file = "pip-25.1.1-py3-none-any.whl", hash = "sha256:2913a38a2abf4ea6b64ab507bd9e967f3b53dc1ede74b01b0931e1ce548751af"},
    {file = "pip-25.1.1.tar.gz", hash = "sha256:3de45d411d308d5054c2168185d8da7f9a2cd753dbac8acbfa88a8909ecd9077"},
]

[[package]]
name = "pyglm"
version = "2.8.2"
description = "OpenGL Mathematics library for Python"
optional = false
python-versions = "*"
files = [
    {file = "pyglm-2.8.2-cp310-cp310-macosx_10_9_x86_64.whl", hash = "sha256:8cadb5f66c30654e8292e87c737081ff8bf2bbb15f10d73fc3e2abf005cededd"},
    {file = "pyglm-2.8.2-cp310-cp310-macosx_11_0_arm64.whl", hash = "sha256:37e43503a3f8c4750dae84f2eab5198c78a38a9ba2b607935f9a0a9e8802a08a"},
    {file = "pyglm-2.8.2-cp310-cp310-manylinux_2_17_aarch64.manylinux2014_aarch64.whl", hash = "sha256:9727328d3844ca105d96adc7e99036f00a2b50d82c0071d4f49206abdb6c27da"},
    {file = "pyglm-2.8.2-cp310-cp310-manylinux_2_17_i686.manylinux2014_i686.whl", hash = "sha256:f63cf23c8ad08607d5723d9e72d2b5f6de5e59ab440645358349ea150449290e"},
    {file = "pyglm-2.8.2-cp310-cp310-manylinux_2_17_x86_64.manylinux2014_x86_64.whl", hash = "sha256:6b9a577a70e9b3f364d8a567405811dea939c64ecba310bc7faa1b349034a7e7"},
    {file = "pyglm-2.8.2-cp310-cp310-manylinux_2_27_aarch64.manylinux_2_28_aarch64.whl", hash = "sha256:13543a5516f74cb6634ed76f69097e4d47a4f5197ffb9876938ed755bdf0a167"},
    {file = "pyglm-2.8.2-cp310-cp310-manylinux_2_27_x86_64.manylinux_2_28_x86_64.whl", hash = "sha256:a2853b06dd820c6b431e6d7296e7e13fb82066396bf3c76451a97e5c346b529e"},
    {file = "pyglm-2.8.2-cp310-cp310-musllinux_1_2_aarch64.whl", hash = "sha256:e78fb7f1e76c5c736494ac68f7ff71358e6b8b23d9f7ab2b51eccec33d1fe736"},
    {file = "pyglm-2.8.2-cp310-cp310-musllinux_1_2_i686.whl", hash = "sha256:793aae3aa1b09ed8400cda48f2ca640041c4ac2748f38e97925dac56f28ec6fb"},
    {file = "pyglm-2.8.2-cp310-cp310-musllinux_1_2_x86_64.whl", hash = "sha256:60342a40b780d2f9f686a5e03f4351dff9c3fe33b923f06fec043c9c0bbaaa7c"},
    {file = "pyglm-2.8.2-cp310-cp310-win32.whl", hash = "sha256:8d7492729bb1861eb9cc895d124d0e42b2d40d033b0367f2fcea2b8ac3c28fe0"},
    {file = "pyglm-2.8.2-cp310-cp310-win_amd64.whl", hash = "sha256:37974f2a434075cfa2b6435cb6dcbbff151aa6a5bc3aae6b2d323f2920cfb071"},
    {file = "pyglm-2.8.2-cp310-cp310-win_arm64.whl", hash = "sha256:0c4576bb2c1d7f71c483204d9b2cbb7e456c1e74dc0714bb3a51af1d18b66907"},
    {file = "pyglm-2.8.2-cp311-cp311-macosx_10_9_x86_64.whl", hash = "sha256:e238e52a6bc62cbbd1b9a73e613b5ee32a8c525158d0f0cb04f98cd456ddbed1"},
    {file = "pyglm-2.8.2-cp311-cp311-macosx_11_0_arm64.whl", hash = "sha256:0ac466ba49155fda6ea9c3e0ba459071eafd398ee5b54562ddd57c7862ae946c"},
    {file = "pyglm-2.8.2-cp311-cp311-manylinux_2_17_aarch64.manylinux2014_aarch64.whl", hash = "sha256:cf4230800140b2d440b04bde290e1f8b61290aeebea7ab4680d939322a582686"},
    {file = "pyglm-2.8.2-cp311-cp311-manylinux_2_17_i686.manylinux2014_i686.whl", hash = "sha256:8094dc6c51eaac28720ef7ec6bbaadca9c6afe494cb95848cb0bce95e0314145"},
    {file = "pyglm-2.8.2-cp311-cp311-manylinux_2_17_x86_64.manylinux2014_x86_64.whl", hash = "sha256:082767061cd1181c01dc8f49945ea68699d0bfe940afb52bbed9c0e101572827"},
    {file = "pyglm-2.8.2-cp311-cp311-manylinux_2_27_aarch64.manylinux_2_28_aarch64.whl", hash = "sha256:e2798ac14fcade4211f0b7fece3c567c6b5e401c0e221b4ea1d0b4bb47c50f77"},
    {file = "pyglm-2.8.2-cp311-cp311-manylinux_2_27_x86_64.manylinux_2_28_x86_64.whl", hash = "sha256:cc99d62edec14f8ee120546667d48275b5b0d11f5ace283051ad81e9f1d4de19"},
    {file = "pyglm-2.8.2-cp311-cp311-musllinux_1_2_aarch64.whl", hash = "sha256:0821176a57d6d1c9c03085b86bfc13686d4cf814ebdaedcff540b7af292c7738"},
    {file = "pyglm-2.8.2-cp311-cp311-musllinux_1_2_i686.whl", hash = "sha256:7d7c62b6d9d51ff13dfff50f297fdb1a2166d8a51f29d80e401c9d764840a4af"},
    {file = "pyglm-2.8.2-cp311-cp311-musllinux_1_2_x86_64.whl", hash = "sha256:e65ad1b5415d5f60a13a2c23335d60638630ec89c87bafa744fa10e8364e06c5"},
    {file = "pyglm-2.8.2-cp311-cp311-win32.whl", hash = "sha256:58d42a43e22b9224cd3daaf7888b438ad07e183d750ad77fc62020b6b8b2928d"},
    {file = "pyglm-2.8.2-cp311-cp311-win_amd64.whl", hash = "sha256:21eaff3e1d330762a92ae4e5fcf894ae0067f962c836c321e87e0a6175ec1890"},
    {file = "pyglm-2.8.2-cp311-cp311-win_arm64.whl", hash = "sha256:a336a0ff105c3254888b7e4c517bbd166e77bdeb78c73ee7de23c30877c3a288"},
    {file = "pyglm-2.8.2-cp312-cp312-macosx_10_13_x86_64.whl", hash = "sha256:cd1adae33ea6c50ec057eb9701dda913459207f942484263f0d9c3b813b660c2"},
    {file = "pyglm-2.8.2-cp312-cp312-macosx_11_0_arm64.whl", hash = "sha256:5692aa3940ce1351c7963203d29ceb051a2f83a0721b2796cb18860f01dafc7e"},
    {file = "pyglm-2.8.2-cp312-cp312-manylinux_2_17_aarch64.manylinux2014_aarch64.whl", hash = "sha256:c90c07472602952dbd9f7f745c1212fa73fbb8913af02b70a2d3f04ee5afd3e7"},
    {file = "pyglm-2.8.2-cp312-cp312-manylinux_2_17_i686.manylinux2014_i686.whl", hash = "sha256:edbc51eef30a79019649669c0d98d9295f6e370570a7767426aaa8452d5b9d46"},
    {file = "pyglm-2.8.2-cp312-cp312-manylinux_2_17_x86_64.manylinux2014_x86_64.whl", hash = "sha256:ad5f6b40f391bf7b4fd5256b4153ff955ef497638fa24bec0d21bac27a210947"},
    {file = "pyglm-2.8.2-cp312-cp312-manylinux_2_27_aarch64.manylinux_2_28_aarch64.whl", hash = "sha256:40f088c4e5287c565d9295895feead6b747a0ddbada91088e18383737b328fed"},
    {file = "pyglm-2.8.2-cp312-cp312-manylinux_2_27_x86_64.manylinux_2_28_x86_64.whl", hash = "sha256:3a0765a4ed676431627541a4561b36fa95b01823a488f291141de48f412e44b7"},
    {file = "pyglm-2.8.2-cp312-cp312-musllinux_1_2_aarch64.whl", hash = "sha256:3271dca306c17d5ba70820125424fba5b4a5d3d3ea5b2a9d28a468bb86ee8e15"},
    {file = "pyglm-2.8.2-cp312-cp312-musllinux_1_2_i686.whl", hash = "sha256:aa4168a8332116f8c8cd353b908eb96ccc7c5824dda0e44e072e623612f0e202"},
    {file = "pyglm-2.8.2-cp312-cp312-musllinux_1_2_x86_64.whl", hash = "sha256:7e9d895e6697ff318b8c9b80dde957744cbfbeb0d22e61fce64906a3fe1f4bff"},
    {file = "pyglm-2.8.2-cp312-cp312-win32.whl", hash = "sha256:b6ec9dc9e12a4e1d2cb2c91656e59eb1f30309b2882e6e354ce437ff5f7610f3"},
    {file = "pyglm-2.8.2-cp312-cp312-win_amd64.whl", hash = "sha256:7968f3b047ee9b8d5ab8707c81371015f523385480a1bfe73eaf3d6e39e74db7"},
    {file = "pyglm-2.8.2-cp312-cp312-win_arm64.whl", hash = "sha256:db87fa313e341ef527b5376633b241e6f5ba4deb28feb8f19f11c9396fd88a42"},
    {file = "pyglm-2.8.2-cp313-cp313-macosx_10_13_x86_64.whl", hash = "sha256:a3c3f67f229f22b37a7076e36fd432795935cc1db25b7e133ae0ca1f7a9cbbb5"},
    {file = "pyglm-2.8.2-cp313-cp313-macosx_11_0_arm64.whl", hash = "sha256:d9cd5b3189e6f78a8095e33e4f22b274c16a468dd074169efcfee4711ccb6c9a"},
    {file = "pyglm-2.8.2-cp313-cp313-manylinux_2_17_aarch64.manylinux2014_aarch64.whl", hash = "sha256:a46be69db5fb3421cb49cb0eb18080db62cb6f38322ab50ceac126f341128ad1"},
    {file = "pyglm-2.8.2-cp313-cp313-manylinux_2_17_i686.manylinux2014_i686.whl", hash = "sha256:094bd832748ca0f2a21b4fb20752a98e1d85353bdb7526c51ce9d3c08a23991a"},
    {file = "pyglm-2.8.2-cp313-cp313-manylinux_2_17_x86_64.manylinux2014_x86_64.whl", hash = "sha256:e69b938f6de1679a7ad5019ee3896cb4aec9dde90c617bef8a7d0d718a1f1e4d"},
    {file = "pyglm-2.8.2-cp313-cp313-manylinux_2_27_aarch64.manylinux_2_28_aarch64.whl", hash = "sha256:fa2d1511b7b04cb0a69c09f75d0b7f649c7809d3a3462abdc6745dd212b956a1"},
    {file = "pyglm-2.8.2-cp313-cp313-manylinux_2_27_x86_64.manylinux_2_28_x86_64.whl", hash = "sha256:77f6b401007d5babbc6a328cb85b6d23f180e37f1a44b4516d8274f48acae0cf"},
    {file = "pyglm-2.8.2-cp313-cp313-musllinux_1_2_aarch64.whl", hash = "sha256:402c0a4de35cc55ef9b27a463abcc3d8ff0fe5a6a3cc1b2d403c9d554e7dae0e"},
    {file = "pyglm-2.8.2-cp313-cp313-musllinux_1_2_i686.whl", hash = "sha256:01db79724c736846105162b9cb89c1a9262fd5b3a87239e06dbb977e83f071ce"},
    {file = "pyglm-2.8.2-cp313-cp313-musllinux_1_2_x86_64.whl", hash = "sha256:24957473986f26e907e17734e25761cee32475476a071976049b9b86aaad30ed"},
    {file = "pyglm-2.8.2-cp313-cp313-win32.whl", hash = "sha256:9cf869167f18251a554fbf54b2f65af31803a428a2b6e46b975b429a0e973ff8"},
    {file = "pyglm-2.8.2-cp313-cp313-win_amd64.whl", hash = "sha256:6a492dc524f3bffb27c47d9fc62afc690379ea311f1b9543487efe3869a3e1ae"},
    {file = "pyglm-2.8.2-cp313-cp313-win_arm64.whl", hash = "sha256:a200ec556f31a1936aefc88baa4cd7e01d011ae83a250f74876548247e1c5add"},
    {file = "pyglm-2.8.2-cp39-cp39-macosx_10_9_x86_64.whl", hash = "sha256:bbff6b56779d456833e1af966af1739802f2ab7de02d66296a03231dc9034318"},
    {file = "pyglm-2.8.2-cp39-cp39-macosx_11_0_arm64.whl", hash = "sha256:3e5d429c42d9fdcffa7d3aef62cdac668470793a30945ce7353722958ea89e5d"},
    {file = "pyglm-2.8.2-cp39-cp39-manylinux_2_17_aarch64.manylinux2014_aarch64.whl", hash = "sha256:cb842b8ab216c8152e5166052f770f1e3c218aee577022dd0297f83c0ff00411"},
    {file = "pyglm-2.8.2-cp39-cp39-manylinux_2_17_i686.manylinux2014_i686.whl", hash = "sha256:295069ceda113996305ea126f50100f7b34c28580b41b5d10d008569bddd480a"},
    {file = "pyglm-2.8.2-cp39-cp39-manylinux_2_17_x86_64.manylinux2014_x86_64.whl", hash = "sha256:5965c6c06272105be0e59897394d351c4fcf8d5bc1023efdbc9a3e70a0c92dcb"},
    {file = "pyglm-2.8.2-cp39-cp39-manylinux_2_27_aarch64.manylinux_2_28_aarch64.whl", hash = "sha256:cb7d3299fd72af27bcc1647c266efb0e259e2625a5a44be50019348d3099c361"},
    {file = "pyglm-2.8.2-cp39-cp39-manylinux_2_27_x86_64.manylinux_2_28_x86_64.whl", hash = "sha256:a3ec5b90f9ba6ef151d1a46f8a1e3026c0a55b6f78629d468e0b7e3580184013"},
    {file = "pyglm-2.8.2-cp39-cp39-musllinux_1_2_aarch64.whl", hash = "sha256:865aaa996345239499e7ad6f8b9cd7e2411c55e4719d0dc91ea20fdea810080b"},
    {file = "pyglm-2.8.2-cp39-cp39-musllinux_1_2_i686.whl", hash = "sha256:d09e8304414e5c1b4a9540215d6221925f896c0bdc1b5cc003e4b8c699209642"},
    {file = "pyglm-2.8.2-cp39-cp39-musllinux_1_2_x86_64.whl", hash = "sha256:65e94ce6451e688e64099f2c7d81a1ca3e299de6c1a4bb993b869b23a44aeb73"},
    {file = "pyglm-2.8.2-cp39-cp39-win32.whl", hash = "sha256:a3ccd42dc7417c6c223b58feb085bbd723cc7ba42acc95b7561ebbaf5b26601c"},
    {file = "pyglm-2.8.2-cp39-cp39-win_amd64.whl", hash = "sha256:859f68e70a52e7e042d53636b96d36a28be63965aa8429ac43c009eaf5640040"},
    {file = "pyglm-2.8.2-cp39-cp39-win_arm64.whl", hash = "sha256:018e2ca131c935b6fa147ec39c15f5d3936890ada43645cca4f208ccc4410188"},
    {file = "pyglm-2.8.2.tar.gz", hash = "sha256:b4847b0b60888b5c649b17b0a72d1f3f1ee07086cd5f431a7d977fad3cdbadab"},
]

[[package]]
name = "requests"
version = "2.32.3"
description = "Python HTTP for Humans."
optional = false
python-versions = ">=3.8"
files = [
    {file = "requests-2.32.3-py3-none-any.whl", hash = "sha256:70761cfe03c773ceb22aa2f671b4757976145175cdfca038c02654d061d6dcc6"},
    {file = "requests-2.32.3.tar.gz", hash = "sha256:55365417734eb18255590a9ff9eb97e9e1da868d4ccd6402399eaf68af20a760"},
]

[package.dependencies]
certifi = ">=2017.4.17"
charset-normalizer = ">=2,<4"
idna = ">=2.5,<4"
urllib3 = ">=1.21.1,<3"

[package.extras]
socks = ["PySocks (>=1.5.6,!=1.5.7)"]
use-chardet-on-py3 = ["chardet (>=3.0.2,<6)"]

[[package]]
name = "urllib3"
version = "2.4.0"
description = "HTTP library with thread-safe connection pooling, file post, and more."
optional = false
python-versions = ">=3.9"
files = [
    {file = "urllib3-2.4.0-py3-none-any.whl", hash = "sha256:4e16665048960a0900c702d4a66415956a584919c03361cac9f1df5c5dd7e813"},
    {file = "urllib3-2.4.0.tar.gz", hash = "sha256:414bc6535b787febd7567804cc015fee39daab8ad86268f1310a9250697de466"},
]

[package.extras]
brotli = ["brotli (>=1.0.9)", "brotlicffi (>=0.8.0)"]
h2 = ["h2 (>=4,<5)"]
socks = ["pysocks (>=1.5.6,!=1.5.7,<2.0)"]
zstd = ["zstandard (>=0.18.0)"]

[metadata]
lock-version = "2.0"
python-versions = "^3.10"
content-hash = "56fc54a9df3fe0c0781abe210835fca5d694adb1d55e2cce12dc3c6d642fef4b"
